// !$*UTF8*$!
{
	archiveVersion = 1;
	classes = {
	};
	objectVersion = 50;
	objects = {

/* Begin PBXBuildFile section */
		BE3985D821F6E8EB0012E2E7 /* 2018-11-09.png in Resources */ = {isa = PBXBuildFile; fileRef = BE3985D721F6E8EB0012E2E7 /* 2018-11-09.png */; };
		BE4BC9A721F183F0000D5597 /* AppDelegate.m in Sources */ = {isa = PBXBuildFile; fileRef = BE4BC9A621F183F0000D5597 /* AppDelegate.m */; };
		BE4BC9AA21F183F0000D5597 /* ViewController.m in Sources */ = {isa = PBXBuildFile; fileRef = BE4BC9A921F183F0000D5597 /* ViewController.m */; };
		BE4BC9AD21F183F0000D5597 /* Main.storyboard in Resources */ = {isa = PBXBuildFile; fileRef = BE4BC9AB21F183F0000D5597 /* Main.storyboard */; };
		BE4BC9AF21F183F3000D5597 /* Assets.xcassets in Resources */ = {isa = PBXBuildFile; fileRef = BE4BC9AE21F183F3000D5597 /* Assets.xcassets */; };
		BE4BC9B221F183F3000D5597 /* LaunchScreen.storyboard in Resources */ = {isa = PBXBuildFile; fileRef = BE4BC9B021F183F3000D5597 /* LaunchScreen.storyboard */; };
		BE4BC9B521F183F3000D5597 /* main.m in Sources */ = {isa = PBXBuildFile; fileRef = BE4BC9B421F183F3000D5597 /* main.m */; };
		BE4BC9BF21F183F3000D5597 /* OC_DemoTests.m in Sources */ = {isa = PBXBuildFile; fileRef = BE4BC9BE21F183F3000D5597 /* OC_DemoTests.m */; };
		BE4BC9CA21F183F3000D5597 /* OC_DemoUITests.m in Sources */ = {isa = PBXBuildFile; fileRef = BE4BC9C921F183F3000D5597 /* OC_DemoUITests.m */; };
		BE910F5A21F5BF46002FDF9E /* RyScrollPanelController.m in Sources */ = {isa = PBXBuildFile; fileRef = BE910F5121F5BF46002FDF9E /* RyScrollPanelController.m */; };
		BE910F5B21F5BF46002FDF9E /* RyScrollPanelColorHelper.m in Sources */ = {isa = PBXBuildFile; fileRef = BE910F5221F5BF46002FDF9E /* RyScrollPanelColorHelper.m */; };
		BE910F5C21F5BF46002FDF9E /* RyScrollPanelView2.m in Sources */ = {isa = PBXBuildFile; fileRef = BE910F5821F5BF46002FDF9E /* RyScrollPanelView2.m */; };
		BE910F5D21F5BF46002FDF9E /* RyScrollPanelView.m in Sources */ = {isa = PBXBuildFile; fileRef = BE910F5921F5BF46002FDF9E /* RyScrollPanelView.m */; };
		BE910F6021F5C793002FDF9E /* 2018-11-07.png in Resources */ = {isa = PBXBuildFile; fileRef = BE910F5F21F5C793002FDF9E /* 2018-11-07.png */; };
		BE910F6221F5C79A002FDF9E /* 2018-11-08.png in Resources */ = {isa = PBXBuildFile; fileRef = BE910F6121F5C79A002FDF9E /* 2018-11-08.png */; };
/* End PBXBuildFile section */

/* Begin PBXContainerItemProxy section */
		BE4BC9BB21F183F3000D5597 /* PBXContainerItemProxy */ = {
			isa = PBXContainerItemProxy;
			containerPortal = BE4BC99A21F183F0000D5597 /* Project object */;
			proxyType = 1;
			remoteGlobalIDString = BE4BC9A121F183F0000D5597;
			remoteInfo = "OC-Demo";
		};
		BE4BC9C621F183F3000D5597 /* PBXContainerItemProxy */ = {
			isa = PBXContainerItemProxy;
			containerPortal = BE4BC99A21F183F0000D5597 /* Project object */;
			proxyType = 1;
			remoteGlobalIDString = BE4BC9A121F183F0000D5597;
			remoteInfo = "OC-Demo";
		};
/* End PBXContainerItemProxy section */

/* Begin PBXFileReference section */
		BE3985D721F6E8EB0012E2E7 /* 2018-11-09.png */ = {isa = PBXFileReference; lastKnownFileType = image.png; path = "2018-11-09.png"; sourceTree = "<group>"; };
		BE4BC9A221F183F0000D5597 /* OC-Demo.app */ = {isa = PBXFileReference; explicitFileType = wrapper.application; includeInIndex = 0; path = "OC-Demo.app"; sourceTree = BUILT_PRODUCTS_DIR; };
		BE4BC9A521F183F0000D5597 /* AppDelegate.h */ = {isa = PBXFileReference; lastKnownFileType = sourcecode.c.h; path = AppDelegate.h; sourceTree = "<group>"; };
		BE4BC9A621F183F0000D5597 /* AppDelegate.m */ = {isa = PBXFileReference; lastKnownFileType = sourcecode.c.objc; path = AppDelegate.m; sourceTree = "<group>"; };
		BE4BC9A821F183F0000D5597 /* ViewController.h */ = {isa = PBXFileReference; lastKnownFileType = sourcecode.c.h; path = ViewController.h; sourceTree = "<group>"; };
		BE4BC9A921F183F0000D5597 /* ViewController.m */ = {isa = PBXFileReference; lastKnownFileType = sourcecode.c.objc; path = ViewController.m; sourceTree = "<group>"; };
		BE4BC9AC21F183F0000D5597 /* Base */ = {isa = PBXFileReference; lastKnownFileType = file.storyboard; name = Base; path = Base.lproj/Main.storyboard; sourceTree = "<group>"; };
		BE4BC9AE21F183F3000D5597 /* Assets.xcassets */ = {isa = PBXFileReference; lastKnownFileType = folder.assetcatalog; path = Assets.xcassets; sourceTree = "<group>"; };
		BE4BC9B121F183F3000D5597 /* Base */ = {isa = PBXFileReference; lastKnownFileType = file.storyboard; name = Base; path = Base.lproj/LaunchScreen.storyboard; sourceTree = "<group>"; };
		BE4BC9B321F183F3000D5597 /* Info.plist */ = {isa = PBXFileReference; lastKnownFileType = text.plist.xml; path = Info.plist; sourceTree = "<group>"; };
		BE4BC9B421F183F3000D5597 /* main.m */ = {isa = PBXFileReference; lastKnownFileType = sourcecode.c.objc; path = main.m; sourceTree = "<group>"; };
		BE4BC9BA21F183F3000D5597 /* OC-DemoTests.xctest */ = {isa = PBXFileReference; explicitFileType = wrapper.cfbundle; includeInIndex = 0; path = "OC-DemoTests.xctest"; sourceTree = BUILT_PRODUCTS_DIR; };
		BE4BC9BE21F183F3000D5597 /* OC_DemoTests.m */ = {isa = PBXFileReference; lastKnownFileType = sourcecode.c.objc; path = OC_DemoTests.m; sourceTree = "<group>"; };
		BE4BC9C021F183F3000D5597 /* Info.plist */ = {isa = PBXFileReference; lastKnownFileType = text.plist.xml; path = Info.plist; sourceTree = "<group>"; };
		BE4BC9C521F183F3000D5597 /* OC-DemoUITests.xctest */ = {isa = PBXFileReference; explicitFileType = wrapper.cfbundle; includeInIndex = 0; path = "OC-DemoUITests.xctest"; sourceTree = BUILT_PRODUCTS_DIR; };
		BE4BC9C921F183F3000D5597 /* OC_DemoUITests.m */ = {isa = PBXFileReference; lastKnownFileType = sourcecode.c.objc; path = OC_DemoUITests.m; sourceTree = "<group>"; };
		BE4BC9CB21F183F3000D5597 /* Info.plist */ = {isa = PBXFileReference; lastKnownFileType = text.plist.xml; path = Info.plist; sourceTree = "<group>"; };
		BE910F5121F5BF46002FDF9E /* RyScrollPanelController.m */ = {isa = PBXFileReference; fileEncoding = 4; lastKnownFileType = sourcecode.c.objc; path = RyScrollPanelController.m; sourceTree = "<group>"; };
		BE910F5221F5BF46002FDF9E /* RyScrollPanelColorHelper.m */ = {isa = PBXFileReference; fileEncoding = 4; lastKnownFileType = sourcecode.c.objc; path = RyScrollPanelColorHelper.m; sourceTree = "<group>"; };
		BE910F5321F5BF46002FDF9E /* RyScrollPanelView2.h */ = {isa = PBXFileReference; fileEncoding = 4; lastKnownFileType = sourcecode.c.h; path = RyScrollPanelView2.h; sourceTree = "<group>"; };
		BE910F5421F5BF46002FDF9E /* RyScrollPanelHeader.h */ = {isa = PBXFileReference; fileEncoding = 4; lastKnownFileType = sourcecode.c.h; path = RyScrollPanelHeader.h; sourceTree = "<group>"; };
		BE910F5521F5BF46002FDF9E /* RyScrollPanelView.h */ = {isa = PBXFileReference; fileEncoding = 4; lastKnownFileType = sourcecode.c.h; path = RyScrollPanelView.h; sourceTree = "<group>"; };
		BE910F5621F5BF46002FDF9E /* RyScrollPanelColorHelper.h */ = {isa = PBXFileReference; fileEncoding = 4; lastKnownFileType = sourcecode.c.h; path = RyScrollPanelColorHelper.h; sourceTree = "<group>"; };
		BE910F5721F5BF46002FDF9E /* RyScrollPanelController.h */ = {isa = PBXFileReference; fileEncoding = 4; lastKnownFileType = sourcecode.c.h; path = RyScrollPanelController.h; sourceTree = "<group>"; };
		BE910F5821F5BF46002FDF9E /* RyScrollPanelView2.m */ = {isa = PBXFileReference; fileEncoding = 4; lastKnownFileType = sourcecode.c.objc; path = RyScrollPanelView2.m; sourceTree = "<group>"; };
		BE910F5921F5BF46002FDF9E /* RyScrollPanelView.m */ = {isa = PBXFileReference; fileEncoding = 4; lastKnownFileType = sourcecode.c.objc; path = RyScrollPanelView.m; sourceTree = "<group>"; };
		BE910F5F21F5C793002FDF9E /* 2018-11-07.png */ = {isa = PBXFileReference; lastKnownFileType = image.png; path = "2018-11-07.png"; sourceTree = "<group>"; };
		BE910F6121F5C79A002FDF9E /* 2018-11-08.png */ = {isa = PBXFileReference; lastKnownFileType = image.png; path = "2018-11-08.png"; sourceTree = "<group>"; };
/* End PBXFileReference section */

/* Begin PBXFrameworksBuildPhase section */
		BE4BC99F21F183F0000D5597 /* Frameworks */ = {
			isa = PBXFrameworksBuildPhase;
			buildActionMask = 2147483647;
			files = (
			);
			runOnlyForDeploymentPostprocessing = 0;
		};
		BE4BC9B721F183F3000D5597 /* Frameworks */ = {
			isa = PBXFrameworksBuildPhase;
			buildActionMask = 2147483647;
			files = (
			);
			runOnlyForDeploymentPostprocessing = 0;
		};
		BE4BC9C221F183F3000D5597 /* Frameworks */ = {
			isa = PBXFrameworksBuildPhase;
			buildActionMask = 2147483647;
			files = (
			);
			runOnlyForDeploymentPostprocessing = 0;
		};
/* End PBXFrameworksBuildPhase section */

/* Begin PBXGroup section */
		BE4BC99921F183F0000D5597 = {
			isa = PBXGroup;
			children = (
				BE4BC9A421F183F0000D5597 /* OC-Demo */,
				BE4BC9BD21F183F3000D5597 /* OC-DemoTests */,
				BE4BC9C821F183F3000D5597 /* OC-DemoUITests */,
				BE4BC9A321F183F0000D5597 /* Products */,
			);
			sourceTree = "<group>";
		};
		BE4BC9A321F183F0000D5597 /* Products */ = {
			isa = PBXGroup;
			children = (
				BE4BC9A221F183F0000D5597 /* OC-Demo.app */,
				BE4BC9BA21F183F3000D5597 /* OC-DemoTests.xctest */,
				BE4BC9C521F183F3000D5597 /* OC-DemoUITests.xctest */,
			);
			name = Products;
			sourceTree = "<group>";
		};
		BE4BC9A421F183F0000D5597 /* OC-Demo */ = {
			isa = PBXGroup;
			children = (
				BE910F5E21F5C787002FDF9E /* Resources */,
				BE910F4F21F5BF46002FDF9E /* Components */,
				BE4BC9A521F183F0000D5597 /* AppDelegate.h */,
				BE4BC9A621F183F0000D5597 /* AppDelegate.m */,
				BE4BC9A821F183F0000D5597 /* ViewController.h */,
				BE4BC9A921F183F0000D5597 /* ViewController.m */,
				BE4BC9AB21F183F0000D5597 /* Main.storyboard */,
				BE4BC9AE21F183F3000D5597 /* Assets.xcassets */,
				BE4BC9B021F183F3000D5597 /* LaunchScreen.storyboard */,
				BE4BC9B321F183F3000D5597 /* Info.plist */,
				BE4BC9B421F183F3000D5597 /* main.m */,
			);
			path = "OC-Demo";
			sourceTree = "<group>";
		};
		BE4BC9BD21F183F3000D5597 /* OC-DemoTests */ = {
			isa = PBXGroup;
			children = (
				BE4BC9BE21F183F3000D5597 /* OC_DemoTests.m */,
				BE4BC9C021F183F3000D5597 /* Info.plist */,
			);
			path = "OC-DemoTests";
			sourceTree = "<group>";
		};
		BE4BC9C821F183F3000D5597 /* OC-DemoUITests */ = {
			isa = PBXGroup;
			children = (
				BE4BC9C921F183F3000D5597 /* OC_DemoUITests.m */,
				BE4BC9CB21F183F3000D5597 /* Info.plist */,
			);
			path = "OC-DemoUITests";
			sourceTree = "<group>";
		};
		BE910F4F21F5BF46002FDF9E /* Components */ = {
			isa = PBXGroup;
			children = (
				BE910F5021F5BF46002FDF9E /* ScrollViewPanel */,
			);
			path = Components;
			sourceTree = "<group>";
		};
		BE910F5021F5BF46002FDF9E /* ScrollViewPanel */ = {
			isa = PBXGroup;
			children = (
				BE910F5421F5BF46002FDF9E /* RyScrollPanelHeader.h */,
				BE910F5721F5BF46002FDF9E /* RyScrollPanelController.h */,
				BE910F5121F5BF46002FDF9E /* RyScrollPanelController.m */,
				BE910F5321F5BF46002FDF9E /* RyScrollPanelView2.h */,
				BE910F5821F5BF46002FDF9E /* RyScrollPanelView2.m */,
				BE910F5521F5BF46002FDF9E /* RyScrollPanelView.h */,
				BE910F5921F5BF46002FDF9E /* RyScrollPanelView.m */,
				BE910F5621F5BF46002FDF9E /* RyScrollPanelColorHelper.h */,
				BE910F5221F5BF46002FDF9E /* RyScrollPanelColorHelper.m */,
			);
			path = ScrollViewPanel;
			sourceTree = "<group>";
		};
		BE910F5E21F5C787002FDF9E /* Resources */ = {
			isa = PBXGroup;
			children = (
				BE910F5F21F5C793002FDF9E /* 2018-11-07.png */,
				BE910F6121F5C79A002FDF9E /* 2018-11-08.png */,
				BE3985D721F6E8EB0012E2E7 /* 2018-11-09.png */,
			);
			path = Resources;
			sourceTree = "<group>";
		};
/* End PBXGroup section */

/* Begin PBXNativeTarget section */
		BE4BC9A121F183F0000D5597 /* OC-Demo */ = {
			isa = PBXNativeTarget;
			buildConfigurationList = BE4BC9CE21F183F3000D5597 /* Build configuration list for PBXNativeTarget "OC-Demo" */;
			buildPhases = (
				BE4BC99E21F183F0000D5597 /* Sources */,
				BE4BC99F21F183F0000D5597 /* Frameworks */,
				BE4BC9A021F183F0000D5597 /* Resources */,
			);
			buildRules = (
			);
			dependencies = (
			);
			name = "OC-Demo";
			productName = "OC-Demo";
			productReference = BE4BC9A221F183F0000D5597 /* OC-Demo.app */;
			productType = "com.apple.product-type.application";
		};
		BE4BC9B921F183F3000D5597 /* OC-DemoTests */ = {
			isa = PBXNativeTarget;
			buildConfigurationList = BE4BC9D121F183F3000D5597 /* Build configuration list for PBXNativeTarget "OC-DemoTests" */;
			buildPhases = (
				BE4BC9B621F183F3000D5597 /* Sources */,
				BE4BC9B721F183F3000D5597 /* Frameworks */,
				BE4BC9B821F183F3000D5597 /* Resources */,
			);
			buildRules = (
			);
			dependencies = (
				BE4BC9BC21F183F3000D5597 /* PBXTargetDependency */,
			);
			name = "OC-DemoTests";
			productName = "OC-DemoTests";
			productReference = BE4BC9BA21F183F3000D5597 /* OC-DemoTests.xctest */;
			productType = "com.apple.product-type.bundle.unit-test";
		};
		BE4BC9C421F183F3000D5597 /* OC-DemoUITests */ = {
			isa = PBXNativeTarget;
			buildConfigurationList = BE4BC9D421F183F3000D5597 /* Build configuration list for PBXNativeTarget "OC-DemoUITests" */;
			buildPhases = (
				BE4BC9C121F183F3000D5597 /* Sources */,
				BE4BC9C221F183F3000D5597 /* Frameworks */,
				BE4BC9C321F183F3000D5597 /* Resources */,
			);
			buildRules = (
			);
			dependencies = (
				BE4BC9C721F183F3000D5597 /* PBXTargetDependency */,
			);
			name = "OC-DemoUITests";
			productName = "OC-DemoUITests";
			productReference = BE4BC9C521F183F3000D5597 /* OC-DemoUITests.xctest */;
			productType = "com.apple.product-type.bundle.ui-testing";
		};
/* End PBXNativeTarget section */

/* Begin PBXProject section */
		BE4BC99A21F183F0000D5597 /* Project object */ = {
			isa = PBXProject;
			attributes = {
				LastUpgradeCheck = 1010;
				ORGANIZATIONNAME = lhp3851;
				TargetAttributes = {
					BE4BC9A121F183F0000D5597 = {
						CreatedOnToolsVersion = 10.1;
					};
					BE4BC9B921F183F3000D5597 = {
						CreatedOnToolsVersion = 10.1;
						TestTargetID = BE4BC9A121F183F0000D5597;
					};
					BE4BC9C421F183F3000D5597 = {
						CreatedOnToolsVersion = 10.1;
						TestTargetID = BE4BC9A121F183F0000D5597;
					};
				};
			};
			buildConfigurationList = BE4BC99D21F183F0000D5597 /* Build configuration list for PBXProject "OC-Demo" */;
			compatibilityVersion = "Xcode 9.3";
			developmentRegion = en;
			hasScannedForEncodings = 0;
			knownRegions = (
				en,
				Base,
			);
			mainGroup = BE4BC99921F183F0000D5597;
			productRefGroup = BE4BC9A321F183F0000D5597 /* Products */;
			projectDirPath = "";
			projectRoot = "";
			targets = (
				BE4BC9A121F183F0000D5597 /* OC-Demo */,
				BE4BC9B921F183F3000D5597 /* OC-DemoTests */,
				BE4BC9C421F183F3000D5597 /* OC-DemoUITests */,
			);
		};
/* End PBXProject section */

/* Begin PBXResourcesBuildPhase section */
		BE4BC9A021F183F0000D5597 /* Resources */ = {
			isa = PBXResourcesBuildPhase;
			buildActionMask = 2147483647;
			files = (
				BE4BC9B221F183F3000D5597 /* LaunchScreen.storyboard in Resources */,
				BE910F6221F5C79A002FDF9E /* 2018-11-08.png in Resources */,
				BE4BC9AF21F183F3000D5597 /* Assets.xcassets in Resources */,
				BE910F6021F5C793002FDF9E /* 2018-11-07.png in Resources */,
				BE4BC9AD21F183F0000D5597 /* Main.storyboard in Resources */,
				BE3985D821F6E8EB0012E2E7 /* 2018-11-09.png in Resources */,
			);
			runOnlyForDeploymentPostprocessing = 0;
		};
		BE4BC9B821F183F3000D5597 /* Resources */ = {
			isa = PBXResourcesBuildPhase;
			buildActionMask = 2147483647;
			files = (
			);
			runOnlyForDeploymentPostprocessing = 0;
		};
		BE4BC9C321F183F3000D5597 /* Resources */ = {
			isa = PBXResourcesBuildPhase;
			buildActionMask = 2147483647;
			files = (
			);
			runOnlyForDeploymentPostprocessing = 0;
		};
/* End PBXResourcesBuildPhase section */

/* Begin PBXSourcesBuildPhase section */
		BE4BC99E21F183F0000D5597 /* Sources */ = {
			isa = PBXSourcesBuildPhase;
			buildActionMask = 2147483647;
			files = (
				BE4BC9AA21F183F0000D5597 /* ViewController.m in Sources */,
				BE4BC9B521F183F3000D5597 /* main.m in Sources */,
				BE910F5B21F5BF46002FDF9E /* RyScrollPanelColorHelper.m in Sources */,
				BE910F5A21F5BF46002FDF9E /* RyScrollPanelController.m in Sources */,
				BE910F5C21F5BF46002FDF9E /* RyScrollPanelView2.m in Sources */,
				BE910F5D21F5BF46002FDF9E /* RyScrollPanelView.m in Sources */,
				BE4BC9A721F183F0000D5597 /* AppDelegate.m in Sources */,
			);
			runOnlyForDeploymentPostprocessing = 0;
		};
		BE4BC9B621F183F3000D5597 /* Sources */ = {
			isa = PBXSourcesBuildPhase;
			buildActionMask = 2147483647;
			files = (
				BE4BC9BF21F183F3000D5597 /* OC_DemoTests.m in Sources */,
			);
			runOnlyForDeploymentPostprocessing = 0;
		};
		BE4BC9C121F183F3000D5597 /* Sources */ = {
			isa = PBXSourcesBuildPhase;
			buildActionMask = 2147483647;
			files = (
				BE4BC9CA21F183F3000D5597 /* OC_DemoUITests.m in Sources */,
			);
			runOnlyForDeploymentPostprocessing = 0;
		};
/* End PBXSourcesBuildPhase section */

/* Begin PBXTargetDependency section */
		BE4BC9BC21F183F3000D5597 /* PBXTargetDependency */ = {
			isa = PBXTargetDependency;
			target = BE4BC9A121F183F0000D5597 /* OC-Demo */;
			targetProxy = BE4BC9BB21F183F3000D5597 /* PBXContainerItemProxy */;
		};
		BE4BC9C721F183F3000D5597 /* PBXTargetDependency */ = {
			isa = PBXTargetDependency;
			target = BE4BC9A121F183F0000D5597 /* OC-Demo */;
			targetProxy = BE4BC9C621F183F3000D5597 /* PBXContainerItemProxy */;
		};
/* End PBXTargetDependency section */

/* Begin PBXVariantGroup section */
		BE4BC9AB21F183F0000D5597 /* Main.storyboard */ = {
			isa = PBXVariantGroup;
			children = (
				BE4BC9AC21F183F0000D5597 /* Base */,
			);
			name = Main.storyboard;
			sourceTree = "<group>";
		};
		BE4BC9B021F183F3000D5597 /* LaunchScreen.storyboard */ = {
			isa = PBXVariantGroup;
			children = (
				BE4BC9B121F183F3000D5597 /* Base */,
			);
			name = LaunchScreen.storyboard;
			sourceTree = "<group>";
		};
/* End PBXVariantGroup section */

/* Begin XCBuildConfiguration section */
		BE4BC9CC21F183F3000D5597 /* Debug */ = {
			isa = XCBuildConfiguration;
			buildSettings = {
				ALWAYS_SEARCH_USER_PATHS = NO;
				CLANG_ANALYZER_NONNULL = YES;
				CLANG_ANALYZER_NUMBER_OBJECT_CONVERSION = YES_AGGRESSIVE;
				CLANG_CXX_LANGUAGE_STANDARD = "gnu++14";
				CLANG_CXX_LIBRARY = "libc++";
				CLANG_ENABLE_MODULES = YES;
				CLANG_ENABLE_OBJC_ARC = YES;
				CLANG_ENABLE_OBJC_WEAK = YES;
				CLANG_WARN_BLOCK_CAPTURE_AUTORELEASING = YES;
				CLANG_WARN_BOOL_CONVERSION = YES;
				CLANG_WARN_COMMA = YES;
				CLANG_WARN_CONSTANT_CONVERSION = YES;
				CLANG_WARN_DEPRECATED_OBJC_IMPLEMENTATIONS = YES;
				CLANG_WARN_DIRECT_OBJC_ISA_USAGE = YES_ERROR;
				CLANG_WARN_DOCUMENTATION_COMMENTS = YES;
				CLANG_WARN_EMPTY_BODY = YES;
				CLANG_WARN_ENUM_CONVERSION = YES;
				CLANG_WARN_INFINITE_RECURSION = YES;
				CLANG_WARN_INT_CONVERSION = YES;
				CLANG_WARN_NON_LITERAL_NULL_CONVERSION = YES;
				CLANG_WARN_OBJC_IMPLICIT_RETAIN_SELF = YES;
				CLANG_WARN_OBJC_LITERAL_CONVERSION = YES;
				CLANG_WARN_OBJC_ROOT_CLASS = YES_ERROR;
				CLANG_WARN_RANGE_LOOP_ANALYSIS = YES;
				CLANG_WARN_STRICT_PROTOTYPES = YES;
				CLANG_WARN_SUSPICIOUS_MOVE = YES;
				CLANG_WARN_UNGUARDED_AVAILABILITY = YES_AGGRESSIVE;
				CLANG_WARN_UNREACHABLE_CODE = YES;
				CLANG_WARN__DUPLICATE_METHOD_MATCH = YES;
				CODE_SIGN_IDENTITY = "iPhone Developer";
				COPY_PHASE_STRIP = NO;
				DEBUG_INFORMATION_FORMAT = dwarf;
				ENABLE_STRICT_OBJC_MSGSEND = YES;
				ENABLE_TESTABILITY = YES;
				GCC_C_LANGUAGE_STANDARD = gnu11;
				GCC_DYNAMIC_NO_PIC = NO;
				GCC_NO_COMMON_BLOCKS = YES;
				GCC_OPTIMIZATION_LEVEL = 0;
				GCC_PREPROCESSOR_DEFINITIONS = (
					"DEBUG=1",
					"$(inherited)",
				);
				GCC_WARN_64_TO_32_BIT_CONVERSION = YES;
				GCC_WARN_ABOUT_RETURN_TYPE = YES_ERROR;
				GCC_WARN_UNDECLARED_SELECTOR = YES;
				GCC_WARN_UNINITIALIZED_AUTOS = YES_AGGRESSIVE;
				GCC_WARN_UNUSED_FUNCTION = YES;
				GCC_WARN_UNUSED_VARIABLE = YES;
				IPHONEOS_DEPLOYMENT_TARGET = 12.1;
				MTL_ENABLE_DEBUG_INFO = INCLUDE_SOURCE;
				MTL_FAST_MATH = YES;
				ONLY_ACTIVE_ARCH = YES;
				SDKROOT = iphoneos;
			};
			name = Debug;
		};
		BE4BC9CD21F183F3000D5597 /* Release */ = {
			isa = XCBuildConfiguration;
			buildSettings = {
				ALWAYS_SEARCH_USER_PATHS = NO;
				CLANG_ANALYZER_NONNULL = YES;
				CLANG_ANALYZER_NUMBER_OBJECT_CONVERSION = YES_AGGRESSIVE;
				CLANG_CXX_LANGUAGE_STANDARD = "gnu++14";
				CLANG_CXX_LIBRARY = "libc++";
				CLANG_ENABLE_MODULES = YES;
				CLANG_ENABLE_OBJC_ARC = YES;
				CLANG_ENABLE_OBJC_WEAK = YES;
				CLANG_WARN_BLOCK_CAPTURE_AUTORELEASING = YES;
				CLANG_WARN_BOOL_CONVERSION = YES;
				CLANG_WARN_COMMA = YES;
				CLANG_WARN_CONSTANT_CONVERSION = YES;
				CLANG_WARN_DEPRECATED_OBJC_IMPLEMENTATIONS = YES;
				CLANG_WARN_DIRECT_OBJC_ISA_USAGE = YES_ERROR;
				CLANG_WARN_DOCUMENTATION_COMMENTS = YES;
				CLANG_WARN_EMPTY_BODY = YES;
				CLANG_WARN_ENUM_CONVERSION = YES;
				CLANG_WARN_INFINITE_RECURSION = YES;
				CLANG_WARN_INT_CONVERSION = YES;
				CLANG_WARN_NON_LITERAL_NULL_CONVERSION = YES;
				CLANG_WARN_OBJC_IMPLICIT_RETAIN_SELF = YES;
				CLANG_WARN_OBJC_LITERAL_CONVERSION = YES;
				CLANG_WARN_OBJC_ROOT_CLASS = YES_ERROR;
				CLANG_WARN_RANGE_LOOP_ANALYSIS = YES;
				CLANG_WARN_STRICT_PROTOTYPES = YES;
				CLANG_WARN_SUSPICIOUS_MOVE = YES;
				CLANG_WARN_UNGUARDED_AVAILABILITY = YES_AGGRESSIVE;
				CLANG_WARN_UNREACHABLE_CODE = YES;
				CLANG_WARN__DUPLICATE_METHOD_MATCH = YES;
				CODE_SIGN_IDENTITY = "iPhone Developer";
				COPY_PHASE_STRIP = NO;
				DEBUG_INFORMATION_FORMAT = "dwarf-with-dsym";
				ENABLE_NS_ASSERTIONS = NO;
				ENABLE_STRICT_OBJC_MSGSEND = YES;
				GCC_C_LANGUAGE_STANDARD = gnu11;
				GCC_NO_COMMON_BLOCKS = YES;
				GCC_WARN_64_TO_32_BIT_CONVERSION = YES;
				GCC_WARN_ABOUT_RETURN_TYPE = YES_ERROR;
				GCC_WARN_UNDECLARED_SELECTOR = YES;
				GCC_WARN_UNINITIALIZED_AUTOS = YES_AGGRESSIVE;
				GCC_WARN_UNUSED_FUNCTION = YES;
				GCC_WARN_UNUSED_VARIABLE = YES;
				IPHONEOS_DEPLOYMENT_TARGET = 12.1;
				MTL_ENABLE_DEBUG_INFO = NO;
				MTL_FAST_MATH = YES;
				SDKROOT = iphoneos;
				VALIDATE_PRODUCT = YES;
			};
			name = Release;
		};
		BE4BC9CF21F183F3000D5597 /* Debug */ = {
			isa = XCBuildConfiguration;
			buildSettings = {
				ASSETCATALOG_COMPILER_APPICON_NAME = AppIcon;
				CODE_SIGN_STYLE = Automatic;
				DEVELOPMENT_TEAM = 622A9GB38Y;
				INFOPLIST_FILE = "OC-Demo/Info.plist";
				IPHONEOS_DEPLOYMENT_TARGET = 11.0;
				LD_RUNPATH_SEARCH_PATHS = (
					"$(inherited)",
					"@executable_path/Frameworks",
				);
				PRODUCT_BUNDLE_IDENTIFIER = com.lhp3851.project;
				PRODUCT_NAME = "$(TARGET_NAME)";
				TARGETED_DEVICE_FAMILY = "1,2";
			};
			name = Debug;
		};
		BE4BC9D021F183F3000D5597 /* Release */ = {
			isa = XCBuildConfiguration;
			buildSettings = {
				ASSETCATALOG_COMPILER_APPICON_NAME = AppIcon;
				CODE_SIGN_STYLE = Automatic;
				DEVELOPMENT_TEAM = 622A9GB38Y;
				INFOPLIST_FILE = "OC-Demo/Info.plist";
				IPHONEOS_DEPLOYMENT_TARGET = 11.0;
				LD_RUNPATH_SEARCH_PATHS = (
					"$(inherited)",
					"@executable_path/Frameworks",
				);
				PRODUCT_BUNDLE_IDENTIFIER = com.lhp3851.project;
				PRODUCT_NAME = "$(TARGET_NAME)";
				TARGETED_DEVICE_FAMILY = "1,2";
			};
			name = Release;
		};
		BE4BC9D221F183F3000D5597 /* Debug */ = {
			isa = XCBuildConfiguration;
			buildSettings = {
				BUNDLE_LOADER = "$(TEST_HOST)";
				CODE_SIGN_STYLE = Automatic;
				INFOPLIST_FILE = "OC-DemoTests/Info.plist";
				LD_RUNPATH_SEARCH_PATHS = (
					"$(inherited)",
					"@executable_path/Frameworks",
					"@loader_path/Frameworks",
				);
				PRODUCT_BUNDLE_IDENTIFIER = "Jerry.OC-DemoTests";
				PRODUCT_NAME = "$(TARGET_NAME)";
				TARGETED_DEVICE_FAMILY = "1,2";
				TEST_HOST = "$(BUILT_PRODUCTS_DIR)/OC-Demo.app/OC-Demo";
			};
			name = Debug;
		};
		BE4BC9D321F183F3000D5597 /* Release */ = {
			isa = XCBuildConfiguration;
			buildSettings = {
				BUNDLE_LOADER = "$(TEST_HOST)";
				CODE_SIGN_STYLE = Automatic;
				INFOPLIST_FILE = "OC-DemoTests/Info.plist";
				LD_RUNPATH_SEARCH_PATHS = (
					"$(inherited)",
					"@executable_path/Frameworks",
					"@loader_path/Frameworks",
				);
				PRODUCT_BUNDLE_IDENTIFIER = "Jerry.OC-DemoTests";
				PRODUCT_NAME = "$(TARGET_NAME)";
				TARGETED_DEVICE_FAMILY = "1,2";
				TEST_HOST = "$(BUILT_PRODUCTS_DIR)/OC-Demo.app/OC-Demo";
			};
			name = Release;
		};
		BE4BC9D521F183F3000D5597 /* Debug */ = {
			isa = XCBuildConfiguration;
			buildSettings = {
				CODE_SIGN_STYLE = Automatic;
				INFOPLIST_FILE = "OC-DemoUITests/Info.plist";
				LD_RUNPATH_SEARCH_PATHS = (
					"$(inherited)",
					"@executable_path/Frameworks",
					"@loader_path/Frameworks",
				);
				PRODUCT_BUNDLE_IDENTIFIER = "Jerry.OC-DemoUITests";
				PRODUCT_NAME = "$(TARGET_NAME)";
				TARGETED_DEVICE_FAMILY = "1,2";
				TEST_TARGET_NAME = "OC-Demo";
			};
			name = Debug;
		};
		BE4BC9D621F183F3000D5597 /* Release */ = {
			isa = XCBuildConfiguration;
			buildSettings = {
				CODE_SIGN_STYLE = Automatic;
				INFOPLIST_FILE = "OC-DemoUITests/Info.plist";
				LD_RUNPATH_SEARCH_PATHS = (
					"$(inherited)",
					"@executable_path/Frameworks",
					"@loader_path/Frameworks",
				);
				PRODUCT_BUNDLE_IDENTIFIER = "Jerry.OC-DemoUITests";
				PRODUCT_NAME = "$(TARGET_NAME)";
				TARGETED_DEVICE_FAMILY = "1,2";
				TEST_TARGET_NAME = "OC-Demo";
			};
			name = Release;
		};
/* End XCBuildConfiguration section */

/* Begin XCConfigurationList section */
		BE4BC99D21F183F0000D5597 /* Build configuration list for PBXProject "OC-Demo" */ = {
			isa = XCConfigurationList;
			buildConfigurations = (
				BE4BC9CC21F183F3000D5597 /* Debug */,
				BE4BC9CD21F183F3000D5597 /* Release */,
			);
			defaultConfigurationIsVisible = 0;
			defaultConfigurationName = Release;
		};
		BE4BC9CE21F183F3000D5597 /* Build configuration list for PBXNativeTarget "OC-Demo" */ = {
			isa = XCConfigurationList;
			buildConfigurations = (
				BE4BC9CF21F183F3000D5597 /* Debug */,
				BE4BC9D021F183F3000D5597 /* Release */,
			);
			defaultConfigurationIsVisible = 0;
			defaultConfigurationName = Release;
		};
		BE4BC9D121F183F3000D5597 /* Build configuration list for PBXNativeTarget "OC-DemoTests" */ = {
			isa = XCConfigurationList;
			buildConfigurations = (
				BE4BC9D221F183F3000D5597 /* Debug */,
				BE4BC9D321F183F3000D5597 /* Release */,
			);
			defaultConfigurationIsVisible = 0;
			defaultConfigurationName = Release;
		};
		BE4BC9D421F183F3000D5597 /* Build configuration list for PBXNativeTarget "OC-DemoUITests" */ = {
			isa = XCConfigurationList;
			buildConfigurations = (
				BE4BC9D521F183F3000D5597 /* Debug */,
				BE4BC9D621F183F3000D5597 /* Release */,
			);
			defaultConfigurationIsVisible = 0;
			defaultConfigurationName = Release;
		};
/* End XCConfigurationList section */
	};
	rootObject = BE4BC99A21F183F0000D5597 /* Project object */;
}
